
Microsoft Visual Studio Solution File, Format Version 12.00
# Visual Studio Version 17
VisualStudioVersion = 17.0.31903.59
MinimumVisualStudioVersion = 10.0.40219.1
Project("{2150E333-8FDC-42A3-9474-1A3956D46DE8}") = "src", "src", "{827E0CD3-B72D-47B6-A68D-7590B98EB39B}"
EndProject
Project("{FAE04EC0-301F-11D3-BF4B-00C04F79EFBC}") = "SqlQueryEvaluator.Tests", "tests\SqlQueryEvaluator.Tests\SqlQueryEvaluator.Tests.csproj", "{0E6A3565-8CFC-40B8-B78D-48095CCAB3DD}"
EndProject
Project("{2150E333-8FDC-42A3-9474-1A3956D46DE8}") = "backend", "backend", "{1AE8ACA6-933B-BF2A-3671-3E2EAC007D16}"
EndProject
Project("{FAE04EC0-301F-11D3-BF4B-00C04F79EFBC}") = "SqlQueryEvaluator.Core", "backend\SqlQueryEvaluator.Core\SqlQueryEvaluator.Core.csproj", "{8EDB96C5-4A01-4B28-8BD0-A2BD92EB2338}"
EndProject
Project("{FAE04EC0-301F-11D3-BF4B-00C04F79EFBC}") = "SqlQueryEvaluator.Api", "backend\SqlQueryEvaluator.Api\SqlQueryEvaluator.Api.csproj", "{390599E6-C2AF-4B81-A928-250876EAFA9B}"
EndProject
Project("{FAE04EC0-301F-11D3-BF4B-00C04F79EFBC}") = "SqlQueryEvaluator.Benchmark", "backend\SqlQueryEvaluator.Benchmark\SqlQueryEvaluator.Benchmark.csproj", "{5BC8430F-A6E4-43BE-9863-85790C79941D}"
EndProject
Global
	GlobalSection(SolutionConfigurationPlatforms) = preSolution
		Debug|Any CPU = Debug|Any CPU
		Debug|x64 = Debug|x64
		Debug|x86 = Debug|x86
		Release|Any CPU = Release|Any CPU
		Release|x64 = Release|x64
		Release|x86 = Release|x86
	EndGlobalSection
	GlobalSection(ProjectConfigurationPlatforms) = postSolution
		{0E6A3565-8CFC-40B8-B78D-48095CCAB3DD}.Debug|Any CPU.ActiveCfg = Debug|Any CPU
		{0E6A3565-8CFC-40B8-B78D-48095CCAB3DD}.Debug|Any CPU.Build.0 = Debug|Any CPU
		{0E6A3565-8CFC-40B8-B78D-48095CCAB3DD}.Debug|x64.ActiveCfg = Debug|Any CPU
		{0E6A3565-8CFC-40B8-B78D-48095CCAB3DD}.Debug|x64.Build.0 = Debug|Any CPU
		{0E6A3565-8CFC-40B8-B78D-48095CCAB3DD}.Debug|x86.ActiveCfg = Debug|Any CPU
		{0E6A3565-8CFC-40B8-B78D-48095CCAB3DD}.Debug|x86.Build.0 = Debug|Any CPU
		{0E6A3565-8CFC-40B8-B78D-48095CCAB3DD}.Release|Any CPU.ActiveCfg = Release|Any CPU
		{0E6A3565-8CFC-40B8-B78D-48095CCAB3DD}.Release|Any CPU.Build.0 = Release|Any CPU
		{0E6A3565-8CFC-40B8-B78D-48095CCAB3DD}.Release|x64.ActiveCfg = Release|Any CPU
		{0E6A3565-8CFC-40B8-B78D-48095CCAB3DD}.Release|x64.Build.0 = Release|Any CPU
		{0E6A3565-8CFC-40B8-B78D-48095CCAB3DD}.Release|x86.ActiveCfg = Release|Any CPU
		{0E6A3565-8CFC-40B8-B78D-48095CCAB3DD}.Release|x86.Build.0 = Release|Any CPU
		{8EDB96C5-4A01-4B28-8BD0-A2BD92EB2338}.Debug|Any CPU.ActiveCfg = Debug|Any CPU
		{8EDB96C5-4A01-4B28-8BD0-A2BD92EB2338}.Debug|Any CPU.Build.0 = Debug|Any CPU
		{8EDB96C5-4A01-4B28-8BD0-A2BD92EB2338}.Debug|x64.ActiveCfg = Debug|Any CPU
		{8EDB96C5-4A01-4B28-8BD0-A2BD92EB2338}.Debug|x64.Build.0 = Debug|Any CPU
		{8EDB96C5-4A01-4B28-8BD0-A2BD92EB2338}.Debug|x86.ActiveCfg = Debug|Any CPU
		{8EDB96C5-4A01-4B28-8BD0-A2BD92EB2338}.Debug|x86.Build.0 = Debug|Any CPU
		{8EDB96C5-4A01-4B28-8BD0-A2BD92EB2338}.Release|Any CPU.ActiveCfg = Release|Any CPU
		{8EDB96C5-4A01-4B28-8BD0-A2BD92EB2338}.Release|Any CPU.Build.0 = Release|Any CPU
		{8EDB96C5-4A01-4B28-8BD0-A2BD92EB2338}.Release|x64.ActiveCfg = Release|Any CPU
		{8EDB96C5-4A01-4B28-8BD0-A2BD92EB2338}.Release|x64.Build.0 = Release|Any CPU
		{8EDB96C5-4A01-4B28-8BD0-A2BD92EB2338}.Release|x86.ActiveCfg = Release|Any CPU
		{8EDB96C5-4A01-4B28-8BD0-A2BD92EB2338}.Release|x86.Build.0 = Release|Any CPU
		{390599E6-C2AF-4B81-A928-250876EAFA9B}.Debug|Any CPU.ActiveCfg = Debug|Any CPU
		{390599E6-C2AF-4B81-A928-250876EAFA9B}.Debug|Any CPU.Build.0 = Debug|Any CPU
		{390599E6-C2AF-4B81-A928-250876EAFA9B}.Debug|x64.ActiveCfg = Debug|Any CPU
		{390599E6-C2AF-4B81-A928-250876EAFA9B}.Debug|x64.Build.0 = Debug|Any CPU
		{390599E6-C2AF-4B81-A928-250876EAFA9B}.Debug|x86.ActiveCfg = Debug|Any CPU
		{390599E6-C2AF-4B81-A928-250876EAFA9B}.Debug|x86.Build.0 = Debug|Any CPU
		{390599E6-C2AF-4B81-A928-250876EAFA9B}.Release|Any CPU.ActiveCfg = Release|Any CPU
		{390599E6-C2AF-4B81-A928-250876EAFA9B}.Release|Any CPU.Build.0 = Release|Any CPU
		{390599E6-C2AF-4B81-A928-250876EAFA9B}.Release|x64.ActiveCfg = Release|Any CPU
		{390599E6-C2AF-4B81-A928-250876EAFA9B}.Release|x64.Build.0 = Release|Any CPU
		{390599E6-C2AF-4B81-A928-250876EAFA9B}.Release|x86.ActiveCfg = Release|Any CPU
		{390599E6-C2AF-4B81-A928-250876EAFA9B}.Release|x86.Build.0 = Release|Any CPU
		{5BC8430F-A6E4-43BE-9863-85790C79941D}.Debug|Any CPU.ActiveCfg = Debug|Any CPU
		{5BC8430F-A6E4-43BE-9863-85790C79941D}.Debug|Any CPU.Build.0 = Debug|Any CPU
		{5BC8430F-A6E4-43BE-9863-85790C79941D}.Debug|x64.ActiveCfg = Debug|Any CPU
		{5BC8430F-A6E4-43BE-9863-85790C79941D}.Debug|x64.Build.0 = Debug|Any CPU
		{5BC8430F-A6E4-43BE-9863-85790C79941D}.Debug|x86.ActiveCfg = Debug|Any CPU
		{5BC8430F-A6E4-43BE-9863-85790C79941D}.Debug|x86.Build.0 = Debug|Any CPU
		{5BC8430F-A6E4-43BE-9863-85790C79941D}.Release|Any CPU.ActiveCfg = Release|Any CPU
		{5BC8430F-A6E4-43BE-9863-85790C79941D}.Release|Any CPU.Build.0 = Release|Any CPU
		{5BC8430F-A6E4-43BE-9863-85790C79941D}.Release|x64.ActiveCfg = Release|Any CPU
		{5BC8430F-A6E4-43BE-9863-85790C79941D}.Release|x64.Build.0 = Release|Any CPU
		{5BC8430F-A6E4-43BE-9863-85790C79941D}.Release|x86.ActiveCfg = Release|Any CPU
		{5BC8430F-A6E4-43BE-9863-85790C79941D}.Release|x86.Build.0 = Release|Any CPU
	EndGlobalSection
	GlobalSection(SolutionProperties) = preSolution
		HideSolutionNode = FALSE
	EndGlobalSection
	GlobalSection(NestedProjects) = preSolution
		{0E6A3565-8CFC-40B8-B78D-48095CCAB3DD} = {827E0CD3-B72D-47B6-A68D-7590B98EB39B}
		{8EDB96C5-4A01-4B28-8BD0-A2BD92EB2338} = {1AE8ACA6-933B-BF2A-3671-3E2EAC007D16}
		{390599E6-C2AF-4B81-A928-250876EAFA9B} = {1AE8ACA6-933B-BF2A-3671-3E2EAC007D16}
		{5BC8430F-A6E4-43BE-9863-85790C79941D} = {1AE8ACA6-933B-BF2A-3671-3E2EAC007D16}
	EndGlobalSection
EndGlobal
